# This file is autogenerated, do not edit; changes may be undone by the next 'dep ensure'.


[[projects]]
  branch = "master"
  name = "github.com/pkg/singlefile"
  packages = ["."]
  revision = "0d87fc8b7a0657b926918bd0180149211941c418"

[solve-meta]
  analyzer-name = "dep"
  analyzer-version = 1
  inputs-digest = "5dd2d818c81a906c3f5fade5bc0fbe52b0820d8e904d7038c8e24328aa52f22b"
  solver-name = "gps-cdcl"
  solver-version = 1
