# This file is autogenerated, do not edit; changes may be undone by the next 'dep ensure'.


[[projects]]
  branch = "master"
  name = "github.com/cznic/mathutil"
  packages = ["."]
  revision = "5455a562bccba6fed24079339aa97e44ac0de4bb"

[[projects]]
  branch = "master"
  name = "github.com/cznic/memory"
  packages = ["."]
  revision = "dc8e0413cb9a6889bd0a5c6aef01607e2c46b12a"

[solve-meta]
  analyzer-name = "dep"
  analyzer-version = 1
  inputs-digest = "909d44594ac2c8a41769b093be03bfe795558f31d10829d4bae8cce49f68831d"
  solver-name = "gps-cdcl"
  solver-version = 1
